<?xml version="1.0" encoding="utf-8"?>
<Project ToolsVersion="14.0" xmlns="http://schemas.microsoft.com/developer/msbuild/2003">
  <ItemGroup>
    <Filter Include="Common">
      <UniqueIdentifier>a632f0ce-b83d-4692-9e6d-cec93eaddc03</UniqueIdentifier>
    </Filter>
    <Filter Include="Assets">
      <UniqueIdentifier>a8ef0215-8fea-496d-910d-36849fdf3bf7</UniqueIdentifier>
      <Extensions>bmp;fbx;gif;jpg;jpeg;tga;tiff;tif;png</Extensions>
    </Filter>
    <Filter Include="RPLIDAR">
      <UniqueIdentifier>{45961cf9-c275-40c9-8e65-13bcf2569432}</UniqueIdentifier>
    </Filter>
    <Filter Include="RPLIDAR\src">
      <UniqueIdentifier>{cb0c9f94-0177-4433-8970-69f49a034060}</UniqueIdentifier>
    </Filter>
    <Filter Include="RPLIDAR\src\hal">
      <UniqueIdentifier>{c870407d-400a-4ae1-af3f-7f2af919a2bc}</UniqueIdentifier>
    </Filter>
    <Filter Include="RPLIDAR\src\arch">
      <UniqueIdentifier>{5b9907e2-9c06-4bd1-8938-50dbc32d43d4}</UniqueIdentifier>
    </Filter>
    <Filter Include="RPLIDAR\src\arch\win32">
      <UniqueIdentifier>{8bee2eaf-700e-4377-bc32-e7ee2cac0198}</UniqueIdentifier>
    </Filter>
    <Filter Include="RPLIDAR\frame_grabber">
      <UniqueIdentifier>{6a175d80-9fb0-454b-9804-13494c8fe4ff}</UniqueIdentifier>
    </Filter>
    <Filter Include="RPLIDAR\frame_grabber\drvlogic">
      <UniqueIdentifier>{ef548934-d8b0-46e9-809c-232c539f133a}</UniqueIdentifier>
    </Filter>
    <Filter Include="RPLIDAR\frame_grabber\ref">
      <UniqueIdentifier>{d97dd28b-f1fa-4a21-b139-01dabc075a0f}</UniqueIdentifier>
    </Filter>
    <Filter Include="RPLIDAR\frame_grabber\ref\wtl">
      <UniqueIdentifier>{10394355-bba5-4d79-a0ab-3fd973bb196f}</UniqueIdentifier>
    </Filter>
    <Filter Include="RPLIDAR\frame_grabber\res">
      <UniqueIdentifier>{fc5dcf7e-0450-4eab-8b41-0eb2ed9f74fb}</UniqueIdentifier>
    </Filter>
    <Filter Include="RPLIDAR\simple_grabber">
      <UniqueIdentifier>{d7696562-7b5e-40d1-bca3-48a44eee6f9d}</UniqueIdentifier>
    </Filter>
    <Filter Include="RPLIDAR\ultra_simple">
      <UniqueIdentifier>{bcc64c35-478c-4733-aff4-ff62d2fd144f}</UniqueIdentifier>
    </Filter>
  </ItemGroup>
  <ItemGroup>
    <ApplicationDefinition Include="App.xaml" />
  </ItemGroup>
  <ItemGroup>
    <ClCompile Include="App.xaml.cpp" />
    <ClCompile Include="MainPage.xaml.cpp" />
    <ClCompile Include="pch.cpp" />
    <ClCompile Include="Motor.cpp" />
    <ClCompile Include="MotorController.cpp" />
    <ClCompile Include="MotorTest.cpp" />
    <ClCompile Include="RPLIDAR_sdk\src\hal\thread.cpp">
      <Filter>RPLIDAR\src\hal</Filter>
    </ClCompile>
    <ClCompile Include="RPLIDAR_sdk\src\rplidar_driver.cpp">
      <Filter>RPLIDAR\src</Filter>
    </ClCompile>
    <ClCompile Include="RPLIDAR_sdk\src\arch\win32\timer.cpp">
      <Filter>RPLIDAR\src\arch\win32</Filter>
    </ClCompile>
    <ClCompile Include="RPLIDAR_sdk\src\arch\win32\net_serial.cpp">
      <Filter>RPLIDAR\src\arch\win32</Filter>
    </ClCompile>
    <ClCompile Include="RPLIDAR_app\frame_grabber\AboutDlg.cpp">
      <Filter>RPLIDAR\frame_grabber</Filter>
    </ClCompile>
    <ClCompile Include="RPLIDAR_app\frame_grabber\framegrabber.cpp">
      <Filter>RPLIDAR\frame_grabber</Filter>
    </ClCompile>
    <ClCompile Include="RPLIDAR_app\frame_grabber\MainFrm.cpp">
      <Filter>RPLIDAR\frame_grabber</Filter>
    </ClCompile>
    <ClCompile Include="RPLIDAR_app\frame_grabber\scanView.cpp">
      <Filter>RPLIDAR\frame_grabber</Filter>
    </ClCompile>
    <ClCompile Include="RPLIDAR_app\frame_grabber\SerialSelDlg.cpp">
      <Filter>RPLIDAR\frame_grabber</Filter>
    </ClCompile>
    <ClCompile Include="RPLIDAR_app\frame_grabber\stdafx.cpp">
      <Filter>RPLIDAR\frame_grabber</Filter>
    </ClCompile>
    <ClCompile Include="RPLIDAR_app\frame_grabber\drvlogic\lidarmgr.cpp">
      <Filter>RPLIDAR\frame_grabber\drvlogic</Filter>
    </ClCompile>
    <ClCompile Include="RPLIDAR_app\simple_grabber\main.cpp">
      <Filter>RPLIDAR\simple_grabber</Filter>
    </ClCompile>
    <ClCompile Include="RPLIDAR_app\ultra_simple\main.cpp">
      <Filter>RPLIDAR\ultra_simple</Filter>
    </ClCompile>
  </ItemGroup>
  <ItemGroup>
    <ClInclude Include="pch.h" />
    <ClInclude Include="App.xaml.h" />
    <ClInclude Include="MainPage.xaml.h" />
    <ClInclude Include="Motor.h" />
    <ClInclude Include="MotorController.h" />
    <ClInclude Include="GpioDefs.h" />
    <ClInclude Include="MotorTest.h" />
    <ClInclude Include="RPLIDAR_sdk\src\hal\locker.h">
      <Filter>RPLIDAR\src\hal</Filter>
    </ClInclude>
    <ClInclude Include="RPLIDAR_sdk\src\hal\thread.h">
      <Filter>RPLIDAR\src\hal</Filter>
    </ClInclude>
    <ClInclude Include="RPLIDAR_sdk\src\hal\util.h">
      <Filter>RPLIDAR\src\hal</Filter>
    </ClInclude>
    <ClInclude Include="RPLIDAR_sdk\src\hal\abs_rxtx.h">
      <Filter>RPLIDAR\src\hal</Filter>
    </ClInclude>
    <ClInclude Include="RPLIDAR_sdk\src\hal\event.h">
      <Filter>RPLIDAR\src\hal</Filter>
    </ClInclude>
    <ClInclude Include="RPLIDAR_sdk\src\rplidar_driver_serial.h">
      <Filter>RPLIDAR\src</Filter>
    </ClInclude>
    <ClInclude Include="RPLIDAR_sdk\src\sdkcommon.h">
      <Filter>RPLIDAR\src</Filter>
    </ClInclude>
    <ClInclude Include="RPLIDAR_sdk\src\arch\win32\timer.h">
      <Filter>RPLIDAR\src\arch\win32</Filter>
    </ClInclude>
    <ClInclude Include="RPLIDAR_sdk\src\arch\win32\winthread.hpp">
      <Filter>RPLIDAR\src\arch\win32</Filter>
    </ClInclude>
    <ClInclude Include="RPLIDAR_sdk\src\arch\win32\arch_win32.h">
      <Filter>RPLIDAR\src\arch\win32</Filter>
    </ClInclude>
    <ClInclude Include="RPLIDAR_sdk\src\arch\win32\net_serial.h">
      <Filter>RPLIDAR\src\arch\win32</Filter>
    </ClInclude>
    <ClInclude Include="RPLIDAR_app\frame_grabber\AboutDlg.h">
      <Filter>RPLIDAR\frame_grabber</Filter>
    </ClInclude>
    <ClInclude Include="RPLIDAR_app\frame_grabber\framegrabber.h">
      <Filter>RPLIDAR\frame_grabber</Filter>
    </ClInclude>
    <ClInclude Include="RPLIDAR_app\frame_grabber\MainFrm.h">
      <Filter>RPLIDAR\frame_grabber</Filter>
    </ClInclude>
    <ClInclude Include="RPLIDAR_app\frame_grabber\resource.h">
      <Filter>RPLIDAR\frame_grabber</Filter>
    </ClInclude>
    <ClInclude Include="RPLIDAR_app\frame_grabber\scanView.h">
      <Filter>RPLIDAR\frame_grabber</Filter>
    </ClInclude>
    <ClInclude Include="RPLIDAR_app\frame_grabber\SerialSelDlg.h">
      <Filter>RPLIDAR\frame_grabber</Filter>
    </ClInclude>
    <ClInclude Include="RPLIDAR_app\frame_grabber\stdafx.h">
      <Filter>RPLIDAR\frame_grabber</Filter>
    </ClInclude>
    <ClInclude Include="RPLIDAR_app\frame_grabber\drvlogic\lidarmgr.h">
      <Filter>RPLIDAR\frame_grabber\drvlogic</Filter>
    </ClInclude>
    <ClInclude Include="RPLIDAR_app\frame_grabber\drvlogic\common.h">
      <Filter>RPLIDAR\frame_grabber\drvlogic</Filter>
    </ClInclude>
    <ClInclude Include="RPLIDAR_app\frame_grabber\ref\wtl\atlctrlw.h">
      <Filter>RPLIDAR\frame_grabber\ref\wtl</Filter>
    </ClInclude>
    <ClInclude Include="RPLIDAR_app\frame_grabber\ref\wtl\atlctrlx.h">
      <Filter>RPLIDAR\frame_grabber\ref\wtl</Filter>
    </ClInclude>
    <ClInclude Include="RPLIDAR_app\frame_grabber\ref\wtl\atlddx.h">
      <Filter>RPLIDAR\frame_grabber\ref\wtl</Filter>
    </ClInclude>
    <ClInclude Include="RPLIDAR_app\frame_grabber\ref\wtl\atldlgs.h">
      <Filter>RPLIDAR\frame_grabber\ref\wtl</Filter>
    </ClInclude>
    <ClInclude Include="RPLIDAR_app\frame_grabber\ref\wtl\atldwm.h">
      <Filter>RPLIDAR\frame_grabber\ref\wtl</Filter>
    </ClInclude>
    <ClInclude Include="RPLIDAR_app\frame_grabber\ref\wtl\atlfind.h">
      <Filter>RPLIDAR\frame_grabber\ref\wtl</Filter>
    </ClInclude>
    <ClInclude Include="RPLIDAR_app\frame_grabber\ref\wtl\atlframe.h">
      <Filter>RPLIDAR\frame_grabber\ref\wtl</Filter>
    </ClInclude>
    <ClInclude Include="RPLIDAR_app\frame_grabber\ref\wtl\atlgdi.h">
      <Filter>RPLIDAR\frame_grabber\ref\wtl</Filter>
    </ClInclude>
    <ClInclude Include="RPLIDAR_app\frame_grabber\ref\wtl\atlmisc.h">
      <Filter>RPLIDAR\frame_grabber\ref\wtl</Filter>
    </ClInclude>
    <ClInclude Include="RPLIDAR_app\frame_grabber\ref\wtl\atlprint.h">
      <Filter>RPLIDAR\frame_grabber\ref\wtl</Filter>
    </ClInclude>
    <ClInclude Include="RPLIDAR_app\frame_grabber\ref\wtl\atlres.h">
      <Filter>RPLIDAR\frame_grabber\ref\wtl</Filter>
    </ClInclude>
    <ClInclude Include="RPLIDAR_app\frame_grabber\ref\wtl\atlresce.h">
      <Filter>RPLIDAR\frame_grabber\ref\wtl</Filter>
    </ClInclude>
    <ClInclude Include="RPLIDAR_app\frame_grabber\ref\wtl\atlribbon.h">
      <Filter>RPLIDAR\frame_grabber\ref\wtl</Filter>
    </ClInclude>
    <ClInclude Include="RPLIDAR_app\frame_grabber\ref\wtl\atlscrl.h">
      <Filter>RPLIDAR\frame_grabber\ref\wtl</Filter>
    </ClInclude>
    <ClInclude Include="RPLIDAR_app\frame_grabber\ref\wtl\atlsplit.h">
      <Filter>RPLIDAR\frame_grabber\ref\wtl</Filter>
    </ClInclude>
    <ClInclude Include="RPLIDAR_app\frame_grabber\ref\wtl\atltheme.h">
      <Filter>RPLIDAR\frame_grabber\ref\wtl</Filter>
    </ClInclude>
    <ClInclude Include="RPLIDAR_app\frame_grabber\ref\wtl\atluser.h">
      <Filter>RPLIDAR\frame_grabber\ref\wtl</Filter>
    </ClInclude>
    <ClInclude Include="RPLIDAR_app\frame_grabber\ref\wtl\atlwince.h">
      <Filter>RPLIDAR\frame_grabber\ref\wtl</Filter>
    </ClInclude>
    <ClInclude Include="RPLIDAR_app\frame_grabber\ref\wtl\atlwinx.h">
      <Filter>RPLIDAR\frame_grabber\ref\wtl</Filter>
    </ClInclude>
    <ClInclude Include="RPLIDAR_app\frame_grabber\ref\wtl\atlapp.h">
      <Filter>RPLIDAR\frame_grabber\ref\wtl</Filter>
    </ClInclude>
    <ClInclude Include="RPLIDAR_app\frame_grabber\ref\wtl\atlcrack.h">
      <Filter>RPLIDAR\frame_grabber\ref\wtl</Filter>
    </ClInclude>
    <ClInclude Include="RPLIDAR_app\frame_grabber\ref\wtl\atlctrls.h">
      <Filter>RPLIDAR\frame_grabber\ref\wtl</Filter>
    </ClInclude>
    <ClInclude Include="RPLIDAR_sdk\include\rplidar.h">
      <Filter>RPLIDAR\src</Filter>
    </ClInclude>
    <ClInclude Include="RPLIDAR_sdk\include\rplidar_cmd.h">
      <Filter>RPLIDAR\src</Filter>
    </ClInclude>
    <ClInclude Include="RPLIDAR_sdk\include\rplidar_driver.h">
      <Filter>RPLIDAR\src</Filter>
    </ClInclude>
    <ClInclude Include="RPLIDAR_sdk\include\rplidar_protocol.h">
      <Filter>RPLIDAR\src</Filter>
    </ClInclude>
    <ClInclude Include="RPLIDAR_sdk\include\rptypes.h">
      <Filter>RPLIDAR\src</Filter>
    </ClInclude>
  </ItemGroup>
  <ItemGroup>
    <Image Include="Assets\LockScreenLogo.scale-200.png">
      <Filter>Assets</Filter>
    </Image>
    <Image Include="Assets\SplashScreen.scale-200.png">
      <Filter>Assets</Filter>
    </Image>
    <Image Include="Assets\Square150x150Logo.scale-200.png">
      <Filter>Assets</Filter>
    </Image>
    <Image Include="Assets\Square44x44Logo.scale-200.png">
      <Filter>Assets</Filter>
    </Image>
    <Image Include="Assets\Square44x44Logo.targetsize-24_altform-unplated.png">
      <Filter>Assets</Filter>
    </Image>
    <Image Include="Assets\StoreLogo.png">
      <Filter>Assets</Filter>
    </Image>
    <Image Include="Assets\Wide310x150Logo.scale-200.png">
      <Filter>Assets</Filter>
    </Image>
    <Image Include="RPLIDAR_app\frame_grabber\res\rplidar.ico">
      <Filter>RPLIDAR\frame_grabber\res</Filter>
    </Image>
    <Image Include="RPLIDAR_app\frame_grabber\res\Toolbar.bmp">
      <Filter>RPLIDAR\frame_grabber\res</Filter>
    </Image>
  </ItemGroup>
  <ItemGroup>
    <AppxManifest Include="Package.appxmanifest" />
  </ItemGroup>
  <ItemGroup>
    <None Include="SLAM_TemporaryKey.pfx" />
  </ItemGroup>
  <ItemGroup>
    <Page Include="MainPage.xaml" />
  </ItemGroup>
  <ItemGroup>
    <ResourceCompile Include="RPLIDAR_app\frame_grabber\framegrabber.rc">
      <Filter>RPLIDAR\frame_grabber</Filter>
    </ResourceCompile>
  </ItemGroup>
</Project>